
Microsoft Visual Studio Solution File, Format Version 12.00
# Visual Studio Version 17
VisualStudioVersion = 17.5.002.0
MinimumVisualStudioVersion = 10.0.40219.1
Project("{9A19103F-16F7-4668-BE54-9A1E7A4F7556}") = "DesafioFundamentos", "DesafioFundamentos\DesafioFundamentos.csproj", "{8FABB9B1-2BC5-4866-897B-15DB4D42C58E}"
EndProject
Global
	GlobalSection(SolutionConfigurationPlatforms) = preSolution
		Debug|Any CPU = Debug|Any CPU
		Release|Any CPU = Release|Any CPU
	EndGlobalSection
	GlobalSection(ProjectConfigurationPlatforms) = postSolution
		{8FABB9B1-2BC5-4866-897B-15DB4D42C58E}.Debug|Any CPU.ActiveCfg = Debug|Any CPU
		{8FABB9B1-2BC5-4866-897B-15DB4D42C58E}.Debug|Any CPU.Build.0 = Debug|Any CPU
		{8FABB9B1-2BC5-4866-897B-15DB4D42C58E}.Release|Any CPU.ActiveCfg = Release|Any CPU
		{8FABB9B1-2BC5-4866-897B-15DB4D42C58E}.Release|Any CPU.Build.0 = Release|Any CPU
	EndGlobalSection
	GlobalSection(SolutionProperties) = preSolution
		HideSolutionNode = FALSE
	EndGlobalSection
	GlobalSection(ExtensibilityGlobals) = postSolution
		SolutionGuid = {51C390E1-400A-44C0-A3ED-1608C1EB2C5D}
	EndGlobalSection
EndGlobal
